// !$*UTF8*$!
{
	archiveVersion = 1;
	classes = {
	};
	objectVersion = 50;
	objects = {

/* Begin PBXBuildFile section */
		271EC0562515BA8C002B0442 /* AppDelegate.swift in Sources */ = {isa = PBXBuildFile; fileRef = 271EC0552515BA8C002B0442 /* AppDelegate.swift */; };
		271EC0582515BA8C002B0442 /* SceneDelegate.swift in Sources */ = {isa = PBXBuildFile; fileRef = 271EC0572515BA8C002B0442 /* SceneDelegate.swift */; };
		271EC05A2515BA8C002B0442 /* HomeViewController.swift in Sources */ = {isa = PBXBuildFile; fileRef = 271EC0592515BA8C002B0442 /* HomeViewController.swift */; };
		271EC05D2515BA8C002B0442 /* Main.storyboard in Resources */ = {isa = PBXBuildFile; fileRef = 271EC05B2515BA8C002B0442 /* Main.storyboard */; };
		271EC05F2515BA8D002B0442 /* Assets.xcassets in Resources */ = {isa = PBXBuildFile; fileRef = 271EC05E2515BA8D002B0442 /* Assets.xcassets */; };
		271EC0622515BA8D002B0442 /* LaunchScreen.storyboard in Resources */ = {isa = PBXBuildFile; fileRef = 271EC0602515BA8D002B0442 /* LaunchScreen.storyboard */; };
		276630B5251627CB00E75CFC /* TimerSelectViewController.swift in Sources */ = {isa = PBXBuildFile; fileRef = 276630B4251627CB00E75CFC /* TimerSelectViewController.swift */; };
		276630B72516280500E75CFC /* TimerViewController.swift in Sources */ = {isa = PBXBuildFile; fileRef = 276630B62516280500E75CFC /* TimerViewController.swift */; };
		276630B92516283000E75CFC /* StatsViewController.swift in Sources */ = {isa = PBXBuildFile; fileRef = 276630B82516283000E75CFC /* StatsViewController.swift */; };
		276630BB2516285000E75CFC /* SettingsViewController.swift in Sources */ = {isa = PBXBuildFile; fileRef = 276630BA2516285000E75CFC /* SettingsViewController.swift */; };
		276630BE2516289000E75CFC /* ProjectListTableViewController.swift in Sources */ = {isa = PBXBuildFile; fileRef = 276630BD2516289000E75CFC /* ProjectListTableViewController.swift */; };
		276630C0251628B400E75CFC /* ProjectTableViewController.swift in Sources */ = {isa = PBXBuildFile; fileRef = 276630BF251628B400E75CFC /* ProjectTableViewController.swift */; };
		276630C2251628F100E75CFC /* ObjectiveTableViewController.swift in Sources */ = {isa = PBXBuildFile; fileRef = 276630C1251628F100E75CFC /* ObjectiveTableViewController.swift */; };
/* End PBXBuildFile section */

/* Begin PBXFileReference section */
		271EC0522515BA8C002B0442 /* TaskTimer.app */ = {isa = PBXFileReference; explicitFileType = wrapper.application; includeInIndex = 0; path = TaskTimer.app; sourceTree = BUILT_PRODUCTS_DIR; };
		271EC0552515BA8C002B0442 /* AppDelegate.swift */ = {isa = PBXFileReference; lastKnownFileType = sourcecode.swift; path = AppDelegate.swift; sourceTree = "<group>"; };
		271EC0572515BA8C002B0442 /* SceneDelegate.swift */ = {isa = PBXFileReference; lastKnownFileType = sourcecode.swift; path = SceneDelegate.swift; sourceTree = "<group>"; };
		271EC0592515BA8C002B0442 /* HomeViewController.swift */ = {isa = PBXFileReference; lastKnownFileType = sourcecode.swift; path = HomeViewController.swift; sourceTree = "<group>"; };
		271EC05C2515BA8C002B0442 /* Base */ = {isa = PBXFileReference; lastKnownFileType = file.storyboard; name = Base; path = Base.lproj/Main.storyboard; sourceTree = "<group>"; };
		271EC05E2515BA8D002B0442 /* Assets.xcassets */ = {isa = PBXFileReference; lastKnownFileType = folder.assetcatalog; path = Assets.xcassets; sourceTree = "<group>"; };
		271EC0612515BA8D002B0442 /* Base */ = {isa = PBXFileReference; lastKnownFileType = file.storyboard; name = Base; path = Base.lproj/LaunchScreen.storyboard; sourceTree = "<group>"; };
		271EC0632515BA8D002B0442 /* Info.plist */ = {isa = PBXFileReference; lastKnownFileType = text.plist.xml; path = Info.plist; sourceTree = "<group>"; };
		276630B4251627CB00E75CFC /* TimerSelectViewController.swift */ = {isa = PBXFileReference; lastKnownFileType = sourcecode.swift; path = TimerSelectViewController.swift; sourceTree = "<group>"; };
		276630B62516280500E75CFC /* TimerViewController.swift */ = {isa = PBXFileReference; lastKnownFileType = sourcecode.swift; path = TimerViewController.swift; sourceTree = "<group>"; };
		276630B82516283000E75CFC /* StatsViewController.swift */ = {isa = PBXFileReference; lastKnownFileType = sourcecode.swift; path = StatsViewController.swift; sourceTree = "<group>"; };
		276630BA2516285000E75CFC /* SettingsViewController.swift */ = {isa = PBXFileReference; lastKnownFileType = sourcecode.swift; path = SettingsViewController.swift; sourceTree = "<group>"; };
		276630BD2516289000E75CFC /* ProjectListTableViewController.swift */ = {isa = PBXFileReference; lastKnownFileType = sourcecode.swift; path = ProjectListTableViewController.swift; sourceTree = "<group>"; };
		276630BF251628B400E75CFC /* ProjectTableViewController.swift */ = {isa = PBXFileReference; lastKnownFileType = sourcecode.swift; path = ProjectTableViewController.swift; sourceTree = "<group>"; };
		276630C1251628F100E75CFC /* ObjectiveTableViewController.swift */ = {isa = PBXFileReference; lastKnownFileType = sourcecode.swift; path = ObjectiveTableViewController.swift; sourceTree = "<group>"; };
/* End PBXFileReference section */

/* Begin PBXFrameworksBuildPhase section */
		271EC04F2515BA8C002B0442 /* Frameworks */ = {
			isa = PBXFrameworksBuildPhase;
			buildActionMask = 2147483647;
			files = (
			);
			runOnlyForDeploymentPostprocessing = 0;
		};
/* End PBXFrameworksBuildPhase section */

/* Begin PBXGroup section */
		271EC0492515BA8C002B0442 = {
			isa = PBXGroup;
			children = (
				271EC0542515BA8C002B0442 /* TaskTimer */,
				271EC0532515BA8C002B0442 /* Products */,
			);
			sourceTree = "<group>";
		};
		271EC0532515BA8C002B0442 /* Products */ = {
			isa = PBXGroup;
			children = (
				271EC0522515BA8C002B0442 /* TaskTimer.app */,
			);
			name = Products;
			sourceTree = "<group>";
		};
		271EC0542515BA8C002B0442 /* TaskTimer */ = {
			isa = PBXGroup;
			children = (
				271EC06E2515BEA1002B0442 /* Supporting Files */,
				271EC06C2515BE24002B0442 /* Models */,
				271EC06D2515BE28002B0442 /* Views */,
				271EC0692515BDFC002B0442 /* Controllers */,
				271EC0552515BA8C002B0442 /* AppDelegate.swift */,
				271EC0572515BA8C002B0442 /* SceneDelegate.swift */,
				271EC0632515BA8D002B0442 /* Info.plist */,
			);
			path = TaskTimer;
			sourceTree = "<group>";
		};
		271EC0692515BDFC002B0442 /* Controllers */ = {
			isa = PBXGroup;
			children = (
				271EC0592515BA8C002B0442 /* HomeViewController.swift */,
				276630B4251627CB00E75CFC /* TimerSelectViewController.swift */,
				276630B62516280500E75CFC /* TimerViewController.swift */,
				276630B82516283000E75CFC /* StatsViewController.swift */,
				276630BA2516285000E75CFC /* SettingsViewController.swift */,
				276630BD2516289000E75CFC /* ProjectListTableViewController.swift */,
				276630BF251628B400E75CFC /* ProjectTableViewController.swift */,
				276630C1251628F100E75CFC /* ObjectiveTableViewController.swift */,
			);
			path = Controllers;
			sourceTree = "<group>";
		};
		271EC06C2515BE24002B0442 /* Models */ = {
			isa = PBXGroup;
			children = (
			);
			path = Models;
			sourceTree = "<group>";
		};
		271EC06D2515BE28002B0442 /* Views */ = {
			isa = PBXGroup;
			children = (
				271EC05B2515BA8C002B0442 /* Main.storyboard */,
			);
			path = Views;
			sourceTree = "<group>";
		};
		271EC06E2515BEA1002B0442 /* Supporting Files */ = {
			isa = PBXGroup;
			children = (
				271EC05E2515BA8D002B0442 /* Assets.xcassets */,
				271EC0602515BA8D002B0442 /* LaunchScreen.storyboard */,
			);
			path = "Supporting Files";
			sourceTree = "<group>";
		};
/* End PBXGroup section */

/* Begin PBXNativeTarget section */
		271EC0512515BA8C002B0442 /* TaskTimer */ = {
			isa = PBXNativeTarget;
			buildConfigurationList = 271EC0662515BA8D002B0442 /* Build configuration list for PBXNativeTarget "TaskTimer" */;
			buildPhases = (
				271EC04E2515BA8C002B0442 /* Sources */,
				271EC04F2515BA8C002B0442 /* Frameworks */,
				271EC0502515BA8C002B0442 /* Resources */,
			);
			buildRules = (
			);
			dependencies = (
			);
			name = TaskTimer;
			productName = TaskTimer;
			productReference = 271EC0522515BA8C002B0442 /* TaskTimer.app */;
			productType = "com.apple.product-type.application";
		};
/* End PBXNativeTarget section */

/* Begin PBXProject section */
		271EC04A2515BA8C002B0442 /* Project object */ = {
			isa = PBXProject;
			attributes = {
				LastSwiftUpdateCheck = 1160;
				LastUpgradeCheck = 1160;
				ORGANIZATIONNAME = "Matthew Carter";
				TargetAttributes = {
					271EC0512515BA8C002B0442 = {
						CreatedOnToolsVersion = 11.6;
					};
				};
			};
			buildConfigurationList = 271EC04D2515BA8C002B0442 /* Build configuration list for PBXProject "TaskTimer" */;
			compatibilityVersion = "Xcode 9.3";
			developmentRegion = en;
			hasScannedForEncodings = 0;
			knownRegions = (
				en,
				Base,
			);
			mainGroup = 271EC0492515BA8C002B0442;
			productRefGroup = 271EC0532515BA8C002B0442 /* Products */;
			projectDirPath = "";
			projectRoot = "";
			targets = (
				271EC0512515BA8C002B0442 /* TaskTimer */,
			);
		};
/* End PBXProject section */

/* Begin PBXResourcesBuildPhase section */
		271EC0502515BA8C002B0442 /* Resources */ = {
			isa = PBXResourcesBuildPhase;
			buildActionMask = 2147483647;
			files = (
				271EC0622515BA8D002B0442 /* LaunchScreen.storyboard in Resources */,
				271EC05F2515BA8D002B0442 /* Assets.xcassets in Resources */,
				271EC05D2515BA8C002B0442 /* Main.storyboard in Resources */,
			);
			runOnlyForDeploymentPostprocessing = 0;
		};
/* End PBXResourcesBuildPhase section */

/* Begin PBXSourcesBuildPhase section */
		271EC04E2515BA8C002B0442 /* Sources */ = {
			isa = PBXSourcesBuildPhase;
			buildActionMask = 2147483647;
			files = (
				276630C0251628B400E75CFC /* ProjectTableViewController.swift in Sources */,
				276630C2251628F100E75CFC /* ObjectiveTableViewController.swift in Sources */,
				276630B72516280500E75CFC /* TimerViewController.swift in Sources */,
				276630BE2516289000E75CFC /* ProjectListTableViewController.swift in Sources */,
				271EC05A2515BA8C002B0442 /* HomeViewController.swift in Sources */,
				276630BB2516285000E75CFC /* SettingsViewController.swift in Sources */,
				271EC0562515BA8C002B0442 /* AppDelegate.swift in Sources */,
				276630B5251627CB00E75CFC /* TimerSelectViewController.swift in Sources */,
				276630B92516283000E75CFC /* StatsViewController.swift in Sources */,
				271EC0582515BA8C002B0442 /* SceneDelegate.swift in Sources */,
			);
			runOnlyForDeploymentPostprocessing = 0;
		};
/* End PBXSourcesBuildPhase section */

/* Begin PBXVariantGroup section */
		271EC05B2515BA8C002B0442 /* Main.storyboard */ = {
			isa = PBXVariantGroup;
			children = (
				271EC05C2515BA8C002B0442 /* Base */,
			);
			name = Main.storyboard;
			sourceTree = "<group>";
		};
		271EC0602515BA8D002B0442 /* LaunchScreen.storyboard */ = {
			isa = PBXVariantGroup;
			children = (
				271EC0612515BA8D002B0442 /* Base */,
			);
			name = LaunchScreen.storyboard;
			sourceTree = "<group>";
		};
/* End PBXVariantGroup section */

/* Begin XCBuildConfiguration section */
		271EC0642515BA8D002B0442 /* Debug */ = {
			isa = XCBuildConfiguration;
			buildSettings = {
				ALWAYS_SEARCH_USER_PATHS = NO;
				CLANG_ANALYZER_NONNULL = YES;
				CLANG_ANALYZER_NUMBER_OBJECT_CONVERSION = YES_AGGRESSIVE;
				CLANG_CXX_LANGUAGE_STANDARD = "gnu++14";
				CLANG_CXX_LIBRARY = "libc++";
				CLANG_ENABLE_MODULES = YES;
				CLANG_ENABLE_OBJC_ARC = YES;
				CLANG_ENABLE_OBJC_WEAK = YES;
				CLANG_WARN_BLOCK_CAPTURE_AUTORELEASING = YES;
				CLANG_WARN_BOOL_CONVERSION = YES;
				CLANG_WARN_COMMA = YES;
				CLANG_WARN_CONSTANT_CONVERSION = YES;
				CLANG_WARN_DEPRECATED_OBJC_IMPLEMENTATIONS = YES;
				CLANG_WARN_DIRECT_OBJC_ISA_USAGE = YES_ERROR;
				CLANG_WARN_DOCUMENTATION_COMMENTS = YES;
				CLANG_WARN_EMPTY_BODY = YES;
				CLANG_WARN_ENUM_CONVERSION = YES;
				CLANG_WARN_INFINITE_RECURSION = YES;
				CLANG_WARN_INT_CONVERSION = YES;
				CLANG_WARN_NON_LITERAL_NULL_CONVERSION = YES;
				CLANG_WARN_OBJC_IMPLICIT_RETAIN_SELF = YES;
				CLANG_WARN_OBJC_LITERAL_CONVERSION = YES;
				CLANG_WARN_OBJC_ROOT_CLASS = YES_ERROR;
				CLANG_WARN_RANGE_LOOP_ANALYSIS = YES;
				CLANG_WARN_STRICT_PROTOTYPES = YES;
				CLANG_WARN_SUSPICIOUS_MOVE = YES;
				CLANG_WARN_UNGUARDED_AVAILABILITY = YES_AGGRESSIVE;
				CLANG_WARN_UNREACHABLE_CODE = YES;
				CLANG_WARN__DUPLICATE_METHOD_MATCH = YES;
				COPY_PHASE_STRIP = NO;
				DEBUG_INFORMATION_FORMAT = dwarf;
				ENABLE_STRICT_OBJC_MSGSEND = YES;
				ENABLE_TESTABILITY = YES;
				GCC_C_LANGUAGE_STANDARD = gnu11;
				GCC_DYNAMIC_NO_PIC = NO;
				GCC_NO_COMMON_BLOCKS = YES;
				GCC_OPTIMIZATION_LEVEL = 0;
				GCC_PREPROCESSOR_DEFINITIONS = (
					"DEBUG=1",
					"$(inherited)",
				);
				GCC_WARN_64_TO_32_BIT_CONVERSION = YES;
				GCC_WARN_ABOUT_RETURN_TYPE = YES_ERROR;
				GCC_WARN_UNDECLARED_SELECTOR = YES;
				GCC_WARN_UNINITIALIZED_AUTOS = YES_AGGRESSIVE;
				GCC_WARN_UNUSED_FUNCTION = YES;
				GCC_WARN_UNUSED_VARIABLE = YES;
				IPHONEOS_DEPLOYMENT_TARGET = 13.6;
				MTL_ENABLE_DEBUG_INFO = INCLUDE_SOURCE;
				MTL_FAST_MATH = YES;
				ONLY_ACTIVE_ARCH = YES;
				SDKROOT = iphoneos;
				SWIFT_ACTIVE_COMPILATION_CONDITIONS = DEBUG;
				SWIFT_OPTIMIZATION_LEVEL = "-Onone";
			};
			name = Debug;
		};
		271EC0652515BA8D002B0442 /* Release */ = {
			isa = XCBuildConfiguration;
			buildSettings = {
				ALWAYS_SEARCH_USER_PATHS = NO;
				CLANG_ANALYZER_NONNULL = YES;
				CLANG_ANALYZER_NUMBER_OBJECT_CONVERSION = YES_AGGRESSIVE;
				CLANG_CXX_LANGUAGE_STANDARD = "gnu++14";
				CLANG_CXX_LIBRARY = "libc++";
				CLANG_ENABLE_MODULES = YES;
				CLANG_ENABLE_OBJC_ARC = YES;
				CLANG_ENABLE_OBJC_WEAK = YES;
				CLANG_WARN_BLOCK_CAPTURE_AUTORELEASING = YES;
				CLANG_WARN_BOOL_CONVERSION = YES;
				CLANG_WARN_COMMA = YES;
				CLANG_WARN_CONSTANT_CONVERSION = YES;
				CLANG_WARN_DEPRECATED_OBJC_IMPLEMENTATIONS = YES;
				CLANG_WARN_DIRECT_OBJC_ISA_USAGE = YES_ERROR;
				CLANG_WARN_DOCUMENTATION_COMMENTS = YES;
				CLANG_WARN_EMPTY_BODY = YES;
				CLANG_WARN_ENUM_CONVERSION = YES;
				CLANG_WARN_INFINITE_RECURSION = YES;
				CLANG_WARN_INT_CONVERSION = YES;
				CLANG_WARN_NON_LITERAL_NULL_CONVERSION = YES;
				CLANG_WARN_OBJC_IMPLICIT_RETAIN_SELF = YES;
				CLANG_WARN_OBJC_LITERAL_CONVERSION = YES;
				CLANG_WARN_OBJC_ROOT_CLASS = YES_ERROR;
				CLANG_WARN_RANGE_LOOP_ANALYSIS = YES;
				CLANG_WARN_STRICT_PROTOTYPES = YES;
				CLANG_WARN_SUSPICIOUS_MOVE = YES;
				CLANG_WARN_UNGUARDED_AVAILABILITY = YES_AGGRESSIVE;
				CLANG_WARN_UNREACHABLE_CODE = YES;
				CLANG_WARN__DUPLICATE_METHOD_MATCH = YES;
				COPY_PHASE_STRIP = NO;
				DEBUG_INFORMATION_FORMAT = "dwarf-with-dsym";
				ENABLE_NS_ASSERTIONS = NO;
				ENABLE_STRICT_OBJC_MSGSEND = YES;
				GCC_C_LANGUAGE_STANDARD = gnu11;
				GCC_NO_COMMON_BLOCKS = YES;
				GCC_WARN_64_TO_32_BIT_CONVERSION = YES;
				GCC_WARN_ABOUT_RETURN_TYPE = YES_ERROR;
				GCC_WARN_UNDECLARED_SELECTOR = YES;
				GCC_WARN_UNINITIALIZED_AUTOS = YES_AGGRESSIVE;
				GCC_WARN_UNUSED_FUNCTION = YES;
				GCC_WARN_UNUSED_VARIABLE = YES;
				IPHONEOS_DEPLOYMENT_TARGET = 13.6;
				MTL_ENABLE_DEBUG_INFO = NO;
				MTL_FAST_MATH = YES;
				SDKROOT = iphoneos;
				SWIFT_COMPILATION_MODE = wholemodule;
				SWIFT_OPTIMIZATION_LEVEL = "-O";
				VALIDATE_PRODUCT = YES;
			};
			name = Release;
		};
		271EC0672515BA8D002B0442 /* Debug */ = {
			isa = XCBuildConfiguration;
			buildSettings = {
				ASSETCATALOG_COMPILER_APPICON_NAME = AppIcon;
				CODE_SIGN_STYLE = Automatic;
				DEVELOPMENT_TEAM = R3TXPWNT79;
				INFOPLIST_FILE = TaskTimer/Info.plist;
				LD_RUNPATH_SEARCH_PATHS = (
					"$(inherited)",
					"@executable_path/Frameworks",
				);
				PRODUCT_BUNDLE_IDENTIFIER = com.Renegade.TaskTimer;
				PRODUCT_NAME = "$(TARGET_NAME)";
				SWIFT_VERSION = 5.0;
				TARGETED_DEVICE_FAMILY = "1,2";
			};
			name = Debug;
		};
		271EC0682515BA8D002B0442 /* Release */ = {
			isa = XCBuildConfiguration;
			buildSettings = {
				ASSETCATALOG_COMPILER_APPICON_NAME = AppIcon;
				CODE_SIGN_STYLE = Automatic;
				DEVELOPMENT_TEAM = R3TXPWNT79;
				INFOPLIST_FILE = TaskTimer/Info.plist;
				LD_RUNPATH_SEARCH_PATHS = (
					"$(inherited)",
					"@executable_path/Frameworks",
				);
				PRODUCT_BUNDLE_IDENTIFIER = com.Renegade.TaskTimer;
				PRODUCT_NAME = "$(TARGET_NAME)";
				SWIFT_VERSION = 5.0;
				TARGETED_DEVICE_FAMILY = "1,2";
			};
			name = Release;
		};
/* End XCBuildConfiguration section */

/* Begin XCConfigurationList section */
		271EC04D2515BA8C002B0442 /* Build configuration list for PBXProject "TaskTimer" */ = {
			isa = XCConfigurationList;
			buildConfigurations = (
				271EC0642515BA8D002B0442 /* Debug */,
				271EC0652515BA8D002B0442 /* Release */,
			);
			defaultConfigurationIsVisible = 0;
			defaultConfigurationName = Release;
		};
		271EC0662515BA8D002B0442 /* Build configuration list for PBXNativeTarget "TaskTimer" */ = {
			isa = XCConfigurationList;
			buildConfigurations = (
				271EC0672515BA8D002B0442 /* Debug */,
				271EC0682515BA8D002B0442 /* Release */,
			);
			defaultConfigurationIsVisible = 0;
			defaultConfigurationName = Release;
		};
/* End XCConfigurationList section */
	};
	rootObject = 271EC04A2515BA8C002B0442 /* Project object */;
}
